{
  "name": "intihuatana",
  "lockfileVersion": 3,
  "requires": true,
  "packages": {
    "": {
      "dependencies": {
        "aws-sdk": "^2.1633.0"
      }
    },
    "node_modules/available-typed-arrays": {
      "version": "1.0.7",
      "resolved": "https://globaldevtools.bbva.com/artifactory/api/npm/npm-repo/available-typed-arrays/-/available-typed-arrays-1.0.7.tgz",
      "integrity": "sha1-pcw3XWoDwu/IelU/PgsVIt7xSEY=",
      "license": "MIT",
      "dependencies": {
        "possible-typed-array-names": "^1.0.0"
      },
      "engines": {
        "node": ">= 0.4"
      },
      "funding": {
        "url": "https://github.com/sponsors/ljharb"
      }
    },
    "node_modules/aws-sdk": {
      "version": "2.1633.0",
      "resolved": "https://globaldevtools.bbva.com/artifactory/api/npm/npm-repo/aws-sdk/-/aws-sdk-2.1633.0.tgz",
      "integrity": "sha1-FDUkHs5nc11ScByvlra4vKT273Y=",
      "hasInstallScript": true,
      "license": "Apache-2.0",
      "dependencies": {
        "buffer": "4.9.2",
        "events": "1.1.1",
        "ieee754": "1.1.13",
        "jmespath": "0.16.0",
        "querystring": "0.2.0",
        "sax": "1.2.1",
        "url": "0.10.3",
        "util": "^0.12.4",
        "uuid": "8.0.0",
        "xml2js": "0.6.2"
      },
      "engines": {
        "node": ">= 10.0.0"
      }
    },
    "node_modules/base64-js": {
      "version": "1.5.1",
      "resolved": "https://globaldevtools.bbva.com/artifactory/api/npm/npm-repo/base64-js/-/base64-js-1.5.1.tgz",
      "integrity": "sha1-GxtEAWClv3rUC2UPCVljSBkDkwo=",
      "funding": [
        {
          "type": "github",
          "url": "https://github.com/sponsors/feross"
        },
        {
          "type": "patreon",
          "url": "https://www.patreon.com/feross"
        },
        {
          "type": "consulting",
          "url": "https://feross.org/support"
        }
      ],
      "license": "MIT"
    },
    "node_modules/buffer": {
      "version": "4.9.2",
      "resolved": "https://globaldevtools.bbva.com/artifactory/api/npm/npm-repo/buffer/-/buffer-4.9.2.tgz",
      "integrity": "sha1-Iw6tNEACmIZEhBqwJEr4xEu+Pvg=",
      "license": "MIT",
      "dependencies": {
        "base64-js": "^1.0.2",
        "ieee754": "^1.1.4",
        "isarray": "^1.0.0"
      }
    },
    "node_modules/call-bind": {
      "version": "1.0.7",
      "resolved": "https://globaldevtools.bbva.com/artifactory/api/npm/npm-repo/call-bind/-/call-bind-1.0.7.tgz",
      "integrity": "sha1-BgFlmcQMVkmMGHadJzC+JCtvo7k=",
      "license": "MIT",
      "dependencies": {
        "es-define-property": "^1.0.0",
        "es-errors": "^1.3.0",
        "function-bind": "^1.1.2",
        "get-intrinsic": "^1.2.4",
        "set-function-length": "^1.2.1"
      },
      "engines": {
        "node": ">= 0.4"
      },
      "funding": {
        "url": "https://github.com/sponsors/ljharb"
      }
    },
    "node_modules/define-data-property": {
      "version": "1.1.4",
      "resolved": "https://globaldevtools.bbva.com/artifactory/api/npm/npm-repo/define-data-property/-/define-data-property-1.1.4.tgz",
      "integrity": "sha1-iU3BQbt9MGCuQ2b2oBB+aPvkjF4=",
      "license": "MIT",
      "dependencies": {
        "es-define-property": "^1.0.0",
        "es-errors": "^1.3.0",
        "gopd": "^1.0.1"
      },
      "engines": {
        "node": ">= 0.4"
      },
      "funding": {
        "url": "https://github.com/sponsors/ljharb"
      }
    },
    "node_modules/es-define-property": {
      "version": "1.0.0",
      "resolved": "https://globaldevtools.bbva.com/artifactory/api/npm/npm-repo/es-define-property/-/es-define-property-1.0.0.tgz",
      "integrity": "sha1-x/rvvf+LJpbPX0aSHt+3fMS6OEU=",
      "license": "MIT",
      "dependencies": {
        "get-intrinsic": "^1.2.4"
      },
      "engines": {
        "node": ">= 0.4"
      }
    },
    "node_modules/es-errors": {
      "version": "1.3.0",
      "resolved": "https://globaldevtools.bbva.com/artifactory/api/npm/npm-repo/es-errors/-/es-errors-1.3.0.tgz",
      "integrity": "sha1-BfdaJdq5jk+x3NXhRywFRtUFfI8=",
      "license": "MIT",
      "engines": {
        "node": ">= 0.4"
      }
    },
    "node_modules/events": {
      "version": "1.1.1",
      "resolved": "https://globaldevtools.bbva.com/artifactory/api/npm/npm-repo/events/-/events-1.1.1.tgz",
      "integrity": "sha1-nr23Y1rQmccNzEwqH1AEKI6L2SQ=",
      "license": "MIT",
      "engines": {
        "node": ">=0.4.x"
      }
    },
    "node_modules/for-each": {
      "version": "0.3.3",
      "resolved": "https://globaldevtools.bbva.com/artifactory/api/npm/npm-repo/for-each/-/for-each-0.3.3.tgz",
      "integrity": "sha1-abRH6IoKXTLD5whPPxcQA0shN24=",
      "license": "MIT",
      "dependencies": {
        "is-callable": "^1.1.3"
      }
    },
    "node_modules/function-bind": {
      "version": "1.1.2",
      "resolved": "https://globaldevtools.bbva.com/artifactory/api/npm/npm-repo/function-bind/-/function-bind-1.1.2.tgz",
      "integrity": "sha1-LALYZNl/PqbIgwxGTL0Rq26rehw=",
      "license": "MIT",
      "funding": {
        "url": "https://github.com/sponsors/ljharb"
      }
    },
    "node_modules/get-intrinsic": {
      "version": "1.2.4",
      "resolved": "https://globaldevtools.bbva.com/artifactory/api/npm/npm-repo/get-intrinsic/-/get-intrinsic-1.2.4.tgz",
      "integrity": "sha1-44X1pLUifUScPqu60FSU7wq76t0=",
      "license": "MIT",
      "dependencies": {
        "es-errors": "^1.3.0",
        "function-bind": "^1.1.2",
        "has-proto": "^1.0.1",
        "has-symbols": "^1.0.3",
        "hasown": "^2.0.0"
      },
      "engines": {
        "node": ">= 0.4"
      },
      "funding": {
        "url": "https://github.com/sponsors/ljharb"
      }
    },
    "node_modules/gopd": {
      "version": "1.0.1",
      "resolved": "https://globaldevtools.bbva.com/artifactory/api/npm/npm-repo/gopd/-/gopd-1.0.1.tgz",
      "integrity": "sha1-Kf923mnax0ibfAkYpXiOVkd8Myw=",
      "license": "MIT",
      "dependencies": {
        "get-intrinsic": "^1.1.3"
      },
      "funding": {
        "url": "https://github.com/sponsors/ljharb"
      }
    },
    "node_modules/has-property-descriptors": {
      "version": "1.0.2",
      "resolved": "https://globaldevtools.bbva.com/artifactory/api/npm/npm-repo/has-property-descriptors/-/has-property-descriptors-1.0.2.tgz",
      "integrity": "sha1-lj7X0HHce/XwhMW/vg0bYiJYaFQ=",
      "license": "MIT",
      "dependencies": {
        "es-define-property": "^1.0.0"
      },
      "funding": {
        "url": "https://github.com/sponsors/ljharb"
      }
    },
    "node_modules/has-proto": {
      "version": "1.0.3",
      "resolved": "https://globaldevtools.bbva.com/artifactory/api/npm/npm-repo/has-proto/-/has-proto-1.0.3.tgz",
      "integrity": "sha1-sx3f6bDm6ZFFNqarKGQm0CFPd/0=",
      "license": "MIT",
      "engines": {
        "node": ">= 0.4"
      },
      "funding": {
        "url": "https://github.com/sponsors/ljharb"
      }
    },
    "node_modules/has-symbols": {
      "version": "1.0.3",
      "resolved": "https://globaldevtools.bbva.com/artifactory/api/npm/npm-repo/has-symbols/-/has-symbols-1.0.3.tgz",
      "integrity": "sha1-u3ssQ0klHc6HsSX3vfh0qnyLOfg=",
      "license": "MIT",
      "engines": {
        "node": ">= 0.4"
      },
      "funding": {
        "url": "https://github.com/sponsors/ljharb"
      }
    },
    "node_modules/has-tostringtag": {
      "version": "1.0.2",
      "resolved": "https://globaldevtools.bbva.com/artifactory/api/npm/npm-repo/has-tostringtag/-/has-tostringtag-1.0.2.tgz",
      "integrity": "sha1-LNxC1AvvLltO6rfAGnPFTOerWrw=",
      "license": "MIT",
      "dependencies": {
        "has-symbols": "^1.0.3"
      },
      "engines": {
        "node": ">= 0.4"
      },
      "funding": {
        "url": "https://github.com/sponsors/ljharb"
      }
    },
    "node_modules/hasown": {
      "version": "2.0.2",
      "resolved": "https://globaldevtools.bbva.com/artifactory/api/npm/npm-repo/hasown/-/hasown-2.0.2.tgz",
      "integrity": "sha1-AD6vkb563DcuhOxZ3DclLO24AAM=",
      "license": "MIT",
      "dependencies": {
        "function-bind": "^1.1.2"
      },
      "engines": {
        "node": ">= 0.4"
      }
    },
    "node_modules/ieee754": {
      "version": "1.1.13",
      "resolved": "https://globaldevtools.bbva.com/artifactory/api/npm/npm-repo/ieee754/-/ieee754-1.1.13.tgz",
      "integrity": "sha1-7BaFWOlaoYH9h9N/VcMrvLZwi4Q=",
      "license": "BSD-3-Clause"
    },
    "node_modules/inherits": {
      "version": "2.0.4",
      "resolved": "https://globaldevtools.bbva.com/artifactory/api/npm/npm-repo/inherits/-/inherits-2.0.4.tgz",
      "integrity": "sha1-D6LGT5MpF8NDOg3tVTY6rjdBa3w=",
      "license": "ISC"
    },
    "node_modules/is-arguments": {
      "version": "1.1.1",
      "resolved": "https://globaldevtools.bbva.com/artifactory/api/npm/npm-repo/is-arguments/-/is-arguments-1.1.1.tgz",
      "integrity": "sha1-FbP4j9oB8ql/7ITKdhpWDxI++ps=",
      "license": "MIT",
      "dependencies": {
        "call-bind": "^1.0.2",
        "has-tostringtag": "^1.0.0"
      },
      "engines": {
        "node": ">= 0.4"
      },
      "funding": {
        "url": "https://github.com/sponsors/ljharb"
      }
    },
    "node_modules/is-callable": {
      "version": "1.2.7",
      "resolved": "https://globaldevtools.bbva.com/artifactory/api/npm/npm-repo/is-callable/-/is-callable-1.2.7.tgz",
      "integrity": "sha1-O8KoXqdC2eNiBdys3XLKH9xRsFU=",
      "license": "MIT",
      "engines": {
        "node": ">= 0.4"
      },
      "funding": {
        "url": "https://github.com/sponsors/ljharb"
      }
    },
    "node_modules/is-generator-function": {
      "version": "1.0.10",
      "resolved": "https://globaldevtools.bbva.com/artifactory/api/npm/npm-repo/is-generator-function/-/is-generator-function-1.0.10.tgz",
      "integrity": "sha1-8VWLrxrBfg3up8BBXEODUf8rPHI=",
      "license": "MIT",
      "dependencies": {
        "has-tostringtag": "^1.0.0"
      },
      "engines": {
        "node": ">= 0.4"
      },
      "funding": {
        "url": "https://github.com/sponsors/ljharb"
      }
    },
    "node_modules/is-typed-array": {
      "version": "1.1.13",
      "resolved": "https://globaldevtools.bbva.com/artifactory/api/npm/npm-repo/is-typed-array/-/is-typed-array-1.1.13.tgz",
      "integrity": "sha1-1sXKVt9iM0lZMi19fdHMpQ3r4ik=",
      "license": "MIT",
      "dependencies": {
        "which-typed-array": "^1.1.14"
      },
      "engines": {
        "node": ">= 0.4"
      },
      "funding": {
        "url": "https://github.com/sponsors/ljharb"
      }
    },
    "node_modules/isarray": {
      "version": "1.0.0",
      "resolved": "https://globaldevtools.bbva.com/artifactory/api/npm/npm-repo/isarray/-/isarray-1.0.0.tgz",
      "integrity": "sha1-u5NdSFgsuhaMBoNJV6VKPgcSTxE=",
      "license": "MIT"
    },
    "node_modules/jmespath": {
      "version": "0.16.0",
      "resolved": "https://globaldevtools.bbva.com/artifactory/api/npm/npm-repo/jmespath/-/jmespath-0.16.0.tgz",
      "integrity": "sha1-sVsKhd/U2TDUPmntYFlDyAJ4UHY=",
      "license": "Apache-2.0",
      "engines": {
        "node": ">= 0.6.0"
      }
    },
    "node_modules/possible-typed-array-names": {
      "version": "1.0.0",
      "resolved": "https://globaldevtools.bbva.com/artifactory/api/npm/npm-repo/possible-typed-array-names/-/possible-typed-array-names-1.0.0.tgz",
      "integrity": "sha1-ibtjxvraLD6QrcSmR77us5zHv48=",
      "license": "MIT",
      "engines": {
        "node": ">= 0.4"
      }
    },
    "node_modules/punycode": {
      "version": "1.3.2",
      "resolved": "https://globaldevtools.bbva.com/artifactory/api/npm/npm-repo/punycode/-/punycode-1.3.2.tgz",
      "integrity": "sha1-llOgNvt8HuQjQvIyXM7v6jkmxI0=",
      "license": "MIT"
    },
    "node_modules/querystring": {
      "version": "0.2.0",
      "resolved": "https://globaldevtools.bbva.com/artifactory/api/npm/npm-repo/querystring/-/querystring-0.2.0.tgz",
      "integrity": "sha1-sgmEkgO7Jd+CDadW50cAWHhSFiA=",
      "deprecated": "The querystring API is considered Legacy. new code should use the URLSearchParams API instead.",
      "engines": {
        "node": ">=0.4.x"
      }
    },
    "node_modules/sax": {
      "version": "1.2.1",
      "resolved": "https://globaldevtools.bbva.com/artifactory/api/npm/npm-repo/sax/-/sax-1.2.1.tgz",
      "integrity": "sha1-e45lYZCyKOgaZq6nSEgNgozS03o=",
      "license": "ISC"
    },
    "node_modules/set-function-length": {
      "version": "1.2.2",
      "resolved": "https://globaldevtools.bbva.com/artifactory/api/npm/npm-repo/set-function-length/-/set-function-length-1.2.2.tgz",
      "integrity": "sha1-qscjFBmOrtl1z3eyw7a4gGleVEk=",
      "license": "MIT",
      "dependencies": {
        "define-data-property": "^1.1.4",
        "es-errors": "^1.3.0",
        "function-bind": "^1.1.2",
        "get-intrinsic": "^1.2.4",
        "gopd": "^1.0.1",
        "has-property-descriptors": "^1.0.2"
      },
      "engines": {
        "node": ">= 0.4"
      }
    },
    "node_modules/url": {
      "version": "0.10.3",
      "resolved": "https://globaldevtools.bbva.com/artifactory/api/npm/npm-repo/url/-/url-0.10.3.tgz",
      "integrity": "sha1-Ah5NnHcF8hu/N9A861h2dAJ3TGQ=",
      "license": "MIT",
      "dependencies": {
        "punycode": "1.3.2",
        "querystring": "0.2.0"
      }
    },
    "node_modules/util": {
      "version": "0.12.5",
      "resolved": "https://globaldevtools.bbva.com/artifactory/api/npm/npm-repo/util/-/util-0.12.5.tgz",
      "integrity": "sha1-XxemBZtz22GodWaHgaHCsTa9b7w=",
      "license": "MIT",
      "dependencies": {
        "inherits": "^2.0.3",
        "is-arguments": "^1.0.4",
        "is-generator-function": "^1.0.7",
        "is-typed-array": "^1.1.3",
        "which-typed-array": "^1.1.2"
      }
    },
    "node_modules/uuid": {
      "version": "8.0.0",
      "resolved": "https://globaldevtools.bbva.com/artifactory/api/npm/npm-repo/uuid/-/uuid-8.0.0.tgz",
      "integrity": "sha1-vGzPkbX/CsB7vNvxx8ThUNtNu2w=",
      "license": "MIT",
      "bin": {
        "uuid": "dist/bin/uuid"
      }
    },
    "node_modules/which-typed-array": {
      "version": "1.1.15",
      "resolved": "https://globaldevtools.bbva.com/artifactory/api/npm/npm-repo/which-typed-array/-/which-typed-array-1.1.15.tgz",
      "integrity": "sha1-JkhZ6bEaZJs4i/qvT3Z98fd5s40=",
      "license": "MIT",
      "dependencies": {
        "available-typed-arrays": "^1.0.7",
        "call-bind": "^1.0.7",
        "for-each": "^0.3.3",
        "gopd": "^1.0.1",
        "has-tostringtag": "^1.0.2"
      },
      "engines": {
        "node": ">= 0.4"
      },
      "funding": {
        "url": "https://github.com/sponsors/ljharb"
      }
    },
    "node_modules/xml2js": {
      "version": "0.6.2",
      "resolved": "https://globaldevtools.bbva.com/artifactory/api/npm/npm-repo/xml2js/-/xml2js-0.6.2.tgz",
      "integrity": "sha1-3QtjAIOqCcFh4lpNCQHisqkptJk=",
      "license": "MIT",
      "dependencies": {
        "sax": ">=0.6.0",
        "xmlbuilder": "~11.0.0"
      },
      "engines": {
        "node": ">=4.0.0"
      }
    },
    "node_modules/xmlbuilder": {
      "version": "11.0.1",
      "resolved": "https://globaldevtools.bbva.com/artifactory/api/npm/npm-repo/xmlbuilder/-/xmlbuilder-11.0.1.tgz",
      "integrity": "sha1-vpuuHIoEbnazESdyY0fQrXACvrM=",
      "license": "MIT",
      "engines": {
        "node": ">=4.0"
      }
    }
  }
}
